
Microsoft Visual Studio Solution File, Format Version 12.00
# Visual Studio Version 17
VisualStudioVersion = 17.4.33122.133
MinimumVisualStudioVersion = 10.0.40219.1
Project("{FAE04EC0-301F-11D3-BF4B-00C04F79EFBC}") = "LiftOff-Project", "LiftOff-Project\LiftOff-Project.csproj", "{DC4E628A-C467-4123-ADFC-5E03FFFF51AE}"
EndProject
Global
	GlobalSection(SolutionConfigurationPlatforms) = preSolution
		Debug|Any CPU = Debug|Any CPU
		Release|Any CPU = Release|Any CPU
	EndGlobalSection
	GlobalSection(ProjectConfigurationPlatforms) = postSolution
		{DC4E628A-C467-4123-ADFC-5E03FFFF51AE}.Debug|Any CPU.ActiveCfg = Debug|Any CPU
		{DC4E628A-C467-4123-ADFC-5E03FFFF51AE}.Debug|Any CPU.Build.0 = Debug|Any CPU
		{DC4E628A-C467-4123-ADFC-5E03FFFF51AE}.Release|Any CPU.ActiveCfg = Release|Any CPU
		{DC4E628A-C467-4123-ADFC-5E03FFFF51AE}.Release|Any CPU.Build.0 = Release|Any CPU
	EndGlobalSection
	GlobalSection(SolutionProperties) = preSolution
		HideSolutionNode = FALSE
	EndGlobalSection
	GlobalSection(ExtensibilityGlobals) = postSolution
		SolutionGuid = {CA415D3C-2A86-4330-86A1-32CC561EB2BD}
	EndGlobalSection
EndGlobal
